
Microsoft Visual Studio Solution File, Format Version 12.00
# Visual Studio 14
VisualStudioVersion = 14.0.25123.0
MinimumVisualStudioVersion = 10.0.40219.1
Project("{FAE04EC0-301F-11D3-BF4B-00C04F79EFBC}") = "GeoChallenger.Services", "GeoChallenger.Services\GeoChallenger.Services.csproj", "{C52EA7B0-7325-4475-B63E-76F95E89A2D0}"
EndProject
Project("{FAE04EC0-301F-11D3-BF4B-00C04F79EFBC}") = "GeoChallenger.Services.Interfaces", "GeoChallenger.Services.Interfaces\GeoChallenger.Services.Interfaces.csproj", "{7A235C54-45EB-40DD-A99D-E44801B7E43E}"
EndProject
Project("{FAE04EC0-301F-11D3-BF4B-00C04F79EFBC}") = "GeoChallenger.Domains", "GeoChallenger.Domains\GeoChallenger.Domains.csproj", "{67A4BB61-4802-48C9-B364-1D468E6EAF68}"
EndProject
Project("{FAE04EC0-301F-11D3-BF4B-00C04F79EFBC}") = "GeoChallenger.Web.Api.Test", "GeoChallenger.Web.Api.Test\GeoChallenger.Web.Api.Test.csproj", "{6D85AE71-0B23-4013-B3EB-41819AD48F84}"
EndProject
Project("{FAE04EC0-301F-11D3-BF4B-00C04F79EFBC}") = "GeoChallenger.Web.Api", "GeoChallenger.Web.Api\GeoChallenger.Web.Api.csproj", "{96F541D2-8960-4742-A823-CF417F7B2F2C}"
EndProject
Project("{FAE04EC0-301F-11D3-BF4B-00C04F79EFBC}") = "GeoChallenger.Database", "GeoChallenger.Database\GeoChallenger.Database.csproj", "{044401C1-6BFA-482E-9EAD-BDE09317EBCF}"
EndProject
Global
	GlobalSection(SolutionConfigurationPlatforms) = preSolution
		Debug|Any CPU = Debug|Any CPU
		Release|Any CPU = Release|Any CPU
		Test|Any CPU = Test|Any CPU
	EndGlobalSection
	GlobalSection(ProjectConfigurationPlatforms) = postSolution
		{C52EA7B0-7325-4475-B63E-76F95E89A2D0}.Debug|Any CPU.ActiveCfg = Debug|Any CPU
		{C52EA7B0-7325-4475-B63E-76F95E89A2D0}.Debug|Any CPU.Build.0 = Debug|Any CPU
		{C52EA7B0-7325-4475-B63E-76F95E89A2D0}.Release|Any CPU.ActiveCfg = Release|Any CPU
		{C52EA7B0-7325-4475-B63E-76F95E89A2D0}.Release|Any CPU.Build.0 = Release|Any CPU
		{C52EA7B0-7325-4475-B63E-76F95E89A2D0}.Test|Any CPU.ActiveCfg = Test|Any CPU
		{C52EA7B0-7325-4475-B63E-76F95E89A2D0}.Test|Any CPU.Build.0 = Test|Any CPU
		{7A235C54-45EB-40DD-A99D-E44801B7E43E}.Debug|Any CPU.ActiveCfg = Debug|Any CPU
		{7A235C54-45EB-40DD-A99D-E44801B7E43E}.Debug|Any CPU.Build.0 = Debug|Any CPU
		{7A235C54-45EB-40DD-A99D-E44801B7E43E}.Release|Any CPU.ActiveCfg = Release|Any CPU
		{7A235C54-45EB-40DD-A99D-E44801B7E43E}.Release|Any CPU.Build.0 = Release|Any CPU
		{7A235C54-45EB-40DD-A99D-E44801B7E43E}.Test|Any CPU.ActiveCfg = Test|Any CPU
		{7A235C54-45EB-40DD-A99D-E44801B7E43E}.Test|Any CPU.Build.0 = Test|Any CPU
		{67A4BB61-4802-48C9-B364-1D468E6EAF68}.Debug|Any CPU.ActiveCfg = Debug|Any CPU
		{67A4BB61-4802-48C9-B364-1D468E6EAF68}.Debug|Any CPU.Build.0 = Debug|Any CPU
		{67A4BB61-4802-48C9-B364-1D468E6EAF68}.Release|Any CPU.ActiveCfg = Release|Any CPU
		{67A4BB61-4802-48C9-B364-1D468E6EAF68}.Release|Any CPU.Build.0 = Release|Any CPU
		{67A4BB61-4802-48C9-B364-1D468E6EAF68}.Test|Any CPU.ActiveCfg = Test|Any CPU
		{67A4BB61-4802-48C9-B364-1D468E6EAF68}.Test|Any CPU.Build.0 = Test|Any CPU
		{6D85AE71-0B23-4013-B3EB-41819AD48F84}.Debug|Any CPU.ActiveCfg = Debug|Any CPU
		{6D85AE71-0B23-4013-B3EB-41819AD48F84}.Debug|Any CPU.Build.0 = Debug|Any CPU
		{6D85AE71-0B23-4013-B3EB-41819AD48F84}.Release|Any CPU.ActiveCfg = Release|Any CPU
		{6D85AE71-0B23-4013-B3EB-41819AD48F84}.Release|Any CPU.Build.0 = Release|Any CPU
		{6D85AE71-0B23-4013-B3EB-41819AD48F84}.Test|Any CPU.ActiveCfg = Test|Any CPU
		{6D85AE71-0B23-4013-B3EB-41819AD48F84}.Test|Any CPU.Build.0 = Test|Any CPU
		{96F541D2-8960-4742-A823-CF417F7B2F2C}.Debug|Any CPU.ActiveCfg = Debug|Any CPU
		{96F541D2-8960-4742-A823-CF417F7B2F2C}.Debug|Any CPU.Build.0 = Debug|Any CPU
		{96F541D2-8960-4742-A823-CF417F7B2F2C}.Release|Any CPU.ActiveCfg = Release|Any CPU
		{96F541D2-8960-4742-A823-CF417F7B2F2C}.Release|Any CPU.Build.0 = Release|Any CPU
		{96F541D2-8960-4742-A823-CF417F7B2F2C}.Test|Any CPU.ActiveCfg = Test|Any CPU
		{96F541D2-8960-4742-A823-CF417F7B2F2C}.Test|Any CPU.Build.0 = Test|Any CPU
		{044401C1-6BFA-482E-9EAD-BDE09317EBCF}.Debug|Any CPU.ActiveCfg = Debug|Any CPU
		{044401C1-6BFA-482E-9EAD-BDE09317EBCF}.Debug|Any CPU.Build.0 = Debug|Any CPU
		{044401C1-6BFA-482E-9EAD-BDE09317EBCF}.Release|Any CPU.ActiveCfg = Release|Any CPU
		{044401C1-6BFA-482E-9EAD-BDE09317EBCF}.Release|Any CPU.Build.0 = Release|Any CPU
		{044401C1-6BFA-482E-9EAD-BDE09317EBCF}.Test|Any CPU.ActiveCfg = Release|Any CPU
		{044401C1-6BFA-482E-9EAD-BDE09317EBCF}.Test|Any CPU.Build.0 = Release|Any CPU
	EndGlobalSection
	GlobalSection(SolutionProperties) = preSolution
		HideSolutionNode = FALSE
	EndGlobalSection
EndGlobal
